
Microsoft Visual Studio Solution File, Format Version 12.00
# Visual Studio Version 17
VisualStudioVersion = 17.9.34728.123
MinimumVisualStudioVersion = 10.0.40219.1
Project("{9A19103F-16F7-4668-BE54-9A1E7A4F7556}") = "EhB", "EhB\EhB.csproj", "{23BB0370-1FB5-4356-BB1E-06DAB0EF601E}"
EndProject
Project("{9A19103F-16F7-4668-BE54-9A1E7A4F7556}") = "TextFormatter", "TextFormatter\TextFormatter.csproj", "{36BAD910-1D88-4745-88B2-A5F4934C1E65}"
EndProject
Project("{9A19103F-16F7-4668-BE54-9A1E7A4F7556}") = "KeyboardTrainer", "KeyboardTrainer\KeyboardTrainer.csproj", "{5FCC1337-B379-4650-923D-186FAA20E600}"
EndProject
Project("{9A19103F-16F7-4668-BE54-9A1E7A4F7556}") = "CarBD", "CarBD\CarBD.csproj", "{F924646F-6561-4E86-AB59-CF8FFAC010E5}"
EndProject
Project("{9A19103F-16F7-4668-BE54-9A1E7A4F7556}") = "Menu", "Menu\Menu.csproj", "{76899756-7CC6-4CE0-A1D2-9BAF20D23F32}"
EndProject
Project("{FAE04EC0-301F-11D3-BF4B-00C04F79EFBC}") = "Servises", "Servises\Servises.csproj", "{C55DEE3E-B043-4E18-BFD3-34B611670C27}"
EndProject
Project("{FAE04EC0-301F-11D3-BF4B-00C04F79EFBC}") = "Servises.Tests", "Servises.Tests\Servises.Tests.csproj", "{97497071-CDEB-400B-8828-46767E2FD250}"
EndProject
Global
	GlobalSection(SolutionConfigurationPlatforms) = preSolution
		Debug|Any CPU = Debug|Any CPU
		Release|Any CPU = Release|Any CPU
	EndGlobalSection
	GlobalSection(ProjectConfigurationPlatforms) = postSolution
		{23BB0370-1FB5-4356-BB1E-06DAB0EF601E}.Debug|Any CPU.ActiveCfg = Debug|Any CPU
		{23BB0370-1FB5-4356-BB1E-06DAB0EF601E}.Debug|Any CPU.Build.0 = Debug|Any CPU
		{23BB0370-1FB5-4356-BB1E-06DAB0EF601E}.Release|Any CPU.ActiveCfg = Release|Any CPU
		{23BB0370-1FB5-4356-BB1E-06DAB0EF601E}.Release|Any CPU.Build.0 = Release|Any CPU
		{36BAD910-1D88-4745-88B2-A5F4934C1E65}.Debug|Any CPU.ActiveCfg = Debug|Any CPU
		{36BAD910-1D88-4745-88B2-A5F4934C1E65}.Debug|Any CPU.Build.0 = Debug|Any CPU
		{36BAD910-1D88-4745-88B2-A5F4934C1E65}.Release|Any CPU.ActiveCfg = Release|Any CPU
		{36BAD910-1D88-4745-88B2-A5F4934C1E65}.Release|Any CPU.Build.0 = Release|Any CPU
		{5FCC1337-B379-4650-923D-186FAA20E600}.Debug|Any CPU.ActiveCfg = Debug|Any CPU
		{5FCC1337-B379-4650-923D-186FAA20E600}.Debug|Any CPU.Build.0 = Debug|Any CPU
		{5FCC1337-B379-4650-923D-186FAA20E600}.Release|Any CPU.ActiveCfg = Release|Any CPU
		{5FCC1337-B379-4650-923D-186FAA20E600}.Release|Any CPU.Build.0 = Release|Any CPU
		{F924646F-6561-4E86-AB59-CF8FFAC010E5}.Debug|Any CPU.ActiveCfg = Debug|Any CPU
		{F924646F-6561-4E86-AB59-CF8FFAC010E5}.Debug|Any CPU.Build.0 = Debug|Any CPU
		{F924646F-6561-4E86-AB59-CF8FFAC010E5}.Release|Any CPU.ActiveCfg = Release|Any CPU
		{F924646F-6561-4E86-AB59-CF8FFAC010E5}.Release|Any CPU.Build.0 = Release|Any CPU
		{76899756-7CC6-4CE0-A1D2-9BAF20D23F32}.Debug|Any CPU.ActiveCfg = Debug|Any CPU
		{76899756-7CC6-4CE0-A1D2-9BAF20D23F32}.Debug|Any CPU.Build.0 = Debug|Any CPU
		{76899756-7CC6-4CE0-A1D2-9BAF20D23F32}.Release|Any CPU.ActiveCfg = Release|Any CPU
		{76899756-7CC6-4CE0-A1D2-9BAF20D23F32}.Release|Any CPU.Build.0 = Release|Any CPU
		{C55DEE3E-B043-4E18-BFD3-34B611670C27}.Debug|Any CPU.ActiveCfg = Debug|Any CPU
		{C55DEE3E-B043-4E18-BFD3-34B611670C27}.Debug|Any CPU.Build.0 = Debug|Any CPU
		{C55DEE3E-B043-4E18-BFD3-34B611670C27}.Release|Any CPU.ActiveCfg = Release|Any CPU
		{C55DEE3E-B043-4E18-BFD3-34B611670C27}.Release|Any CPU.Build.0 = Release|Any CPU
		{97497071-CDEB-400B-8828-46767E2FD250}.Debug|Any CPU.ActiveCfg = Debug|Any CPU
		{97497071-CDEB-400B-8828-46767E2FD250}.Debug|Any CPU.Build.0 = Debug|Any CPU
		{97497071-CDEB-400B-8828-46767E2FD250}.Release|Any CPU.ActiveCfg = Release|Any CPU
		{97497071-CDEB-400B-8828-46767E2FD250}.Release|Any CPU.Build.0 = Release|Any CPU
	EndGlobalSection
	GlobalSection(SolutionProperties) = preSolution
		HideSolutionNode = FALSE
	EndGlobalSection
	GlobalSection(ExtensibilityGlobals) = postSolution
		SolutionGuid = {90AA369F-9AE2-4737-9724-B53F383EF626}
	EndGlobalSection
EndGlobal
